
Microsoft Visual Studio Solution File, Format Version 9.00
# Visual Studio 2005
Project("{8BC9CEB8-8B4A-11D0-8D11-00A0C91BC942}") = "ULVWin32", "ULVWin32.vcproj", "{CB6061F5-C67E-4F49-8424-1FF24E3BC34C}"
	GlobalSection(Qt) = preSolution
		Integration = True
	EndGlobalSection
EndProject
Global
	GlobalSection(Qt) = preSolution
		Integration = True
	EndGlobalSection
	GlobalSection(SolutionConfigurationPlatforms) = preSolution
		Debug|Win32 = Debug|Win32
		Release|Win32 = Release|Win32
	EndGlobalSection
	GlobalSection(ProjectConfigurationPlatforms) = postSolution
		{CB6061F5-C67E-4F49-8424-1FF24E3BC34C}.Debug|Win32.ActiveCfg = Debug|Win32
		{CB6061F5-C67E-4F49-8424-1FF24E3BC34C}.Debug|Win32.Build.0 = Debug|Win32
		{CB6061F5-C67E-4F49-8424-1FF24E3BC34C}.Release|Win32.ActiveCfg = Release|Win32
		{CB6061F5-C67E-4F49-8424-1FF24E3BC34C}.Release|Win32.Build.0 = Release|Win32
	EndGlobalSection
	GlobalSection(SolutionProperties) = preSolution
		HideSolutionNode = FALSE
	EndGlobalSection
EndGlobal
